// !$*UTF8*$!
{
	archiveVersion = 1;
	classes = {
	};
	objectVersion = 50;
	objects = {

/* Begin PBXBuildFile section */
		14D626C227EB0B2B0048C186 /* AppDelegate.swift in Sources */ = {isa = PBXBuildFile; fileRef = 14D626C127EB0B2B0048C186 /* AppDelegate.swift */; };
		14D626C427EB0B2B0048C186 /* SceneDelegate.swift in Sources */ = {isa = PBXBuildFile; fileRef = 14D626C327EB0B2B0048C186 /* SceneDelegate.swift */; };
		14D626C627EB0B2B0048C186 /* ViewController.swift in Sources */ = {isa = PBXBuildFile; fileRef = 14D626C527EB0B2B0048C186 /* ViewController.swift */; };
		14D626C927EB0B2B0048C186 /* Main.storyboard in Resources */ = {isa = PBXBuildFile; fileRef = 14D626C727EB0B2B0048C186 /* Main.storyboard */; };
		14D626CB27EB0B2D0048C186 /* Assets.xcassets in Resources */ = {isa = PBXBuildFile; fileRef = 14D626CA27EB0B2D0048C186 /* Assets.xcassets */; };
		14D626CE27EB0B2D0048C186 /* LaunchScreen.storyboard in Resources */ = {isa = PBXBuildFile; fileRef = 14D626CC27EB0B2D0048C186 /* LaunchScreen.storyboard */; };
		14D626D627EB0C520048C186 /* MyTableViewCell.swift in Sources */ = {isa = PBXBuildFile; fileRef = 14D626D527EB0C520048C186 /* MyTableViewCell.swift */; };
		14D626D827EC105A0048C186 /* NextView.swift in Sources */ = {isa = PBXBuildFile; fileRef = 14D626D727EC105A0048C186 /* NextView.swift */; };
		14FD317327EC58F100D2B50A /* MovieViewController.swift in Sources */ = {isa = PBXBuildFile; fileRef = 14FD317227EC58F100D2B50A /* MovieViewController.swift */; };
		14FD317527EC597D00D2B50A /* DownloadVideo.mp4 in Resources */ = {isa = PBXBuildFile; fileRef = 14FD317427EC597D00D2B50A /* DownloadVideo.mp4 */; };
/* End PBXBuildFile section */

/* Begin PBXFileReference section */
		14D626BE27EB0B2B0048C186 /* TestUverApp.app */ = {isa = PBXFileReference; explicitFileType = wrapper.application; includeInIndex = 0; path = TestUverApp.app; sourceTree = BUILT_PRODUCTS_DIR; };
		14D626C127EB0B2B0048C186 /* AppDelegate.swift */ = {isa = PBXFileReference; lastKnownFileType = sourcecode.swift; path = AppDelegate.swift; sourceTree = "<group>"; };
		14D626C327EB0B2B0048C186 /* SceneDelegate.swift */ = {isa = PBXFileReference; lastKnownFileType = sourcecode.swift; path = SceneDelegate.swift; sourceTree = "<group>"; };
		14D626C527EB0B2B0048C186 /* ViewController.swift */ = {isa = PBXFileReference; lastKnownFileType = sourcecode.swift; path = ViewController.swift; sourceTree = "<group>"; };
		14D626C827EB0B2B0048C186 /* Base */ = {isa = PBXFileReference; lastKnownFileType = file.storyboard; name = Base; path = Base.lproj/Main.storyboard; sourceTree = "<group>"; };
		14D626CA27EB0B2D0048C186 /* Assets.xcassets */ = {isa = PBXFileReference; lastKnownFileType = folder.assetcatalog; path = Assets.xcassets; sourceTree = "<group>"; };
		14D626CD27EB0B2D0048C186 /* Base */ = {isa = PBXFileReference; lastKnownFileType = file.storyboard; name = Base; path = Base.lproj/LaunchScreen.storyboard; sourceTree = "<group>"; };
		14D626CF27EB0B2D0048C186 /* Info.plist */ = {isa = PBXFileReference; lastKnownFileType = text.plist.xml; path = Info.plist; sourceTree = "<group>"; };
		14D626D527EB0C520048C186 /* MyTableViewCell.swift */ = {isa = PBXFileReference; lastKnownFileType = sourcecode.swift; path = MyTableViewCell.swift; sourceTree = "<group>"; };
		14D626D727EC105A0048C186 /* NextView.swift */ = {isa = PBXFileReference; lastKnownFileType = sourcecode.swift; path = NextView.swift; sourceTree = "<group>"; };
		14FD317227EC58F100D2B50A /* MovieViewController.swift */ = {isa = PBXFileReference; fileEncoding = 4; lastKnownFileType = sourcecode.swift; path = MovieViewController.swift; sourceTree = "<group>"; };
		14FD317427EC597D00D2B50A /* DownloadVideo.mp4 */ = {isa = PBXFileReference; lastKnownFileType = file; path = DownloadVideo.mp4; sourceTree = "<group>"; };
/* End PBXFileReference section */

/* Begin PBXFrameworksBuildPhase section */
		14D626BB27EB0B2B0048C186 /* Frameworks */ = {
			isa = PBXFrameworksBuildPhase;
			buildActionMask = 2147483647;
			files = (
			);
			runOnlyForDeploymentPostprocessing = 0;
		};
/* End PBXFrameworksBuildPhase section */

/* Begin PBXGroup section */
		14D626B527EB0B2A0048C186 = {
			isa = PBXGroup;
			children = (
				14FD317427EC597D00D2B50A /* DownloadVideo.mp4 */,
				14D626C027EB0B2B0048C186 /* TestUverApp */,
				14D626BF27EB0B2B0048C186 /* Products */,
			);
			sourceTree = "<group>";
		};
		14D626BF27EB0B2B0048C186 /* Products */ = {
			isa = PBXGroup;
			children = (
				14D626BE27EB0B2B0048C186 /* TestUverApp.app */,
			);
			name = Products;
			sourceTree = "<group>";
		};
		14D626C027EB0B2B0048C186 /* TestUverApp */ = {
			isa = PBXGroup;
			children = (
				14D626C127EB0B2B0048C186 /* AppDelegate.swift */,
				14D626C327EB0B2B0048C186 /* SceneDelegate.swift */,
				14FD317227EC58F100D2B50A /* MovieViewController.swift */,
				14D626C527EB0B2B0048C186 /* ViewController.swift */,
				14D626D727EC105A0048C186 /* NextView.swift */,
				14D626D527EB0C520048C186 /* MyTableViewCell.swift */,
				14D626C727EB0B2B0048C186 /* Main.storyboard */,
				14D626CA27EB0B2D0048C186 /* Assets.xcassets */,
				14D626CC27EB0B2D0048C186 /* LaunchScreen.storyboard */,
				14D626CF27EB0B2D0048C186 /* Info.plist */,
			);
			path = TestUverApp;
			sourceTree = "<group>";
		};
/* End PBXGroup section */

/* Begin PBXNativeTarget section */
		14D626BD27EB0B2B0048C186 /* TestUverApp */ = {
			isa = PBXNativeTarget;
			buildConfigurationList = 14D626D227EB0B2D0048C186 /* Build configuration list for PBXNativeTarget "TestUverApp" */;
			buildPhases = (
				14D626BA27EB0B2B0048C186 /* Sources */,
				14D626BB27EB0B2B0048C186 /* Frameworks */,
				14D626BC27EB0B2B0048C186 /* Resources */,
			);
			buildRules = (
			);
			dependencies = (
			);
			name = TestUverApp;
			productName = TestUverApp;
			productReference = 14D626BE27EB0B2B0048C186 /* TestUverApp.app */;
			productType = "com.apple.product-type.application";
		};
/* End PBXNativeTarget section */

/* Begin PBXProject section */
		14D626B627EB0B2A0048C186 /* Project object */ = {
			isa = PBXProject;
			attributes = {
				LastSwiftUpdateCheck = 1250;
				LastUpgradeCheck = 1250;
				TargetAttributes = {
					14D626BD27EB0B2B0048C186 = {
						CreatedOnToolsVersion = 12.5;
					};
				};
			};
			buildConfigurationList = 14D626B927EB0B2A0048C186 /* Build configuration list for PBXProject "TestUverApp" */;
			compatibilityVersion = "Xcode 9.3";
			developmentRegion = en;
			hasScannedForEncodings = 0;
			knownRegions = (
				en,
				Base,
			);
			mainGroup = 14D626B527EB0B2A0048C186;
			productRefGroup = 14D626BF27EB0B2B0048C186 /* Products */;
			projectDirPath = "";
			projectRoot = "";
			targets = (
				14D626BD27EB0B2B0048C186 /* TestUverApp */,
			);
		};
/* End PBXProject section */

/* Begin PBXResourcesBuildPhase section */
		14D626BC27EB0B2B0048C186 /* Resources */ = {
			isa = PBXResourcesBuildPhase;
			buildActionMask = 2147483647;
			files = (
				14FD317527EC597D00D2B50A /* DownloadVideo.mp4 in Resources */,
				14D626CE27EB0B2D0048C186 /* LaunchScreen.storyboard in Resources */,
				14D626CB27EB0B2D0048C186 /* Assets.xcassets in Resources */,
				14D626C927EB0B2B0048C186 /* Main.storyboard in Resources */,
			);
			runOnlyForDeploymentPostprocessing = 0;
		};
/* End PBXResourcesBuildPhase section */

/* Begin PBXSourcesBuildPhase section */
		14D626BA27EB0B2B0048C186 /* Sources */ = {
			isa = PBXSourcesBuildPhase;
			buildActionMask = 2147483647;
			files = (
				14D626C627EB0B2B0048C186 /* ViewController.swift in Sources */,
				14D626D827EC105A0048C186 /* NextView.swift in Sources */,
				14D626D627EB0C520048C186 /* MyTableViewCell.swift in Sources */,
				14D626C227EB0B2B0048C186 /* AppDelegate.swift in Sources */,
				14D626C427EB0B2B0048C186 /* SceneDelegate.swift in Sources */,
				14FD317327EC58F100D2B50A /* MovieViewController.swift in Sources */,
			);
			runOnlyForDeploymentPostprocessing = 0;
		};
/* End PBXSourcesBuildPhase section */

/* Begin PBXVariantGroup section */
		14D626C727EB0B2B0048C186 /* Main.storyboard */ = {
			isa = PBXVariantGroup;
			children = (
				14D626C827EB0B2B0048C186 /* Base */,
			);
			name = Main.storyboard;
			sourceTree = "<group>";
		};
		14D626CC27EB0B2D0048C186 /* LaunchScreen.storyboard */ = {
			isa = PBXVariantGroup;
			children = (
				14D626CD27EB0B2D0048C186 /* Base */,
			);
			name = LaunchScreen.storyboard;
			sourceTree = "<group>";
		};
/* End PBXVariantGroup section */

/* Begin XCBuildConfiguration section */
		14D626D027EB0B2D0048C186 /* Debug */ = {
			isa = XCBuildConfiguration;
			buildSettings = {
				ALWAYS_SEARCH_USER_PATHS = NO;
				CLANG_ANALYZER_NONNULL = YES;
				CLANG_ANALYZER_NUMBER_OBJECT_CONVERSION = YES_AGGRESSIVE;
				CLANG_CXX_LANGUAGE_STANDARD = "gnu++14";
				CLANG_CXX_LIBRARY = "libc++";
				CLANG_ENABLE_MODULES = YES;
				CLANG_ENABLE_OBJC_ARC = YES;
				CLANG_ENABLE_OBJC_WEAK = YES;
				CLANG_WARN_BLOCK_CAPTURE_AUTORELEASING = YES;
				CLANG_WARN_BOOL_CONVERSION = YES;
				CLANG_WARN_COMMA = YES;
				CLANG_WARN_CONSTANT_CONVERSION = YES;
				CLANG_WARN_DEPRECATED_OBJC_IMPLEMENTATIONS = YES;
				CLANG_WARN_DIRECT_OBJC_ISA_USAGE = YES_ERROR;
				CLANG_WARN_DOCUMENTATION_COMMENTS = YES;
				CLANG_WARN_EMPTY_BODY = YES;
				CLANG_WARN_ENUM_CONVERSION = YES;
				CLANG_WARN_INFINITE_RECURSION = YES;
				CLANG_WARN_INT_CONVERSION = YES;
				CLANG_WARN_NON_LITERAL_NULL_CONVERSION = YES;
				CLANG_WARN_OBJC_IMPLICIT_RETAIN_SELF = YES;
				CLANG_WARN_OBJC_LITERAL_CONVERSION = YES;
				CLANG_WARN_OBJC_ROOT_CLASS = YES_ERROR;
				CLANG_WARN_QUOTED_INCLUDE_IN_FRAMEWORK_HEADER = YES;
				CLANG_WARN_RANGE_LOOP_ANALYSIS = YES;
				CLANG_WARN_STRICT_PROTOTYPES = YES;
				CLANG_WARN_SUSPICIOUS_MOVE = YES;
				CLANG_WARN_UNGUARDED_AVAILABILITY = YES_AGGRESSIVE;
				CLANG_WARN_UNREACHABLE_CODE = YES;
				CLANG_WARN__DUPLICATE_METHOD_MATCH = YES;
				COPY_PHASE_STRIP = NO;
				DEBUG_INFORMATION_FORMAT = dwarf;
				ENABLE_STRICT_OBJC_MSGSEND = YES;
				ENABLE_TESTABILITY = YES;
				GCC_C_LANGUAGE_STANDARD = gnu11;
				GCC_DYNAMIC_NO_PIC = NO;
				GCC_NO_COMMON_BLOCKS = YES;
				GCC_OPTIMIZATION_LEVEL = 0;
				GCC_PREPROCESSOR_DEFINITIONS = (
					"DEBUG=1",
					"$(inherited)",
				);
				GCC_WARN_64_TO_32_BIT_CONVERSION = YES;
				GCC_WARN_ABOUT_RETURN_TYPE = YES_ERROR;
				GCC_WARN_UNDECLARED_SELECTOR = YES;
				GCC_WARN_UNINITIALIZED_AUTOS = YES_AGGRESSIVE;
				GCC_WARN_UNUSED_FUNCTION = YES;
				GCC_WARN_UNUSED_VARIABLE = YES;
				IPHONEOS_DEPLOYMENT_TARGET = 14.5;
				MTL_ENABLE_DEBUG_INFO = INCLUDE_SOURCE;
				MTL_FAST_MATH = YES;
				ONLY_ACTIVE_ARCH = YES;
				SDKROOT = iphoneos;
				SWIFT_ACTIVE_COMPILATION_CONDITIONS = DEBUG;
				SWIFT_OPTIMIZATION_LEVEL = "-Onone";
			};
			name = Debug;
		};
		14D626D127EB0B2D0048C186 /* Release */ = {
			isa = XCBuildConfiguration;
			buildSettings = {
				ALWAYS_SEARCH_USER_PATHS = NO;
				CLANG_ANALYZER_NONNULL = YES;
				CLANG_ANALYZER_NUMBER_OBJECT_CONVERSION = YES_AGGRESSIVE;
				CLANG_CXX_LANGUAGE_STANDARD = "gnu++14";
				CLANG_CXX_LIBRARY = "libc++";
				CLANG_ENABLE_MODULES = YES;
				CLANG_ENABLE_OBJC_ARC = YES;
				CLANG_ENABLE_OBJC_WEAK = YES;
				CLANG_WARN_BLOCK_CAPTURE_AUTORELEASING = YES;
				CLANG_WARN_BOOL_CONVERSION = YES;
				CLANG_WARN_COMMA = YES;
				CLANG_WARN_CONSTANT_CONVERSION = YES;
				CLANG_WARN_DEPRECATED_OBJC_IMPLEMENTATIONS = YES;
				CLANG_WARN_DIRECT_OBJC_ISA_USAGE = YES_ERROR;
				CLANG_WARN_DOCUMENTATION_COMMENTS = YES;
				CLANG_WARN_EMPTY_BODY = YES;
				CLANG_WARN_ENUM_CONVERSION = YES;
				CLANG_WARN_INFINITE_RECURSION = YES;
				CLANG_WARN_INT_CONVERSION = YES;
				CLANG_WARN_NON_LITERAL_NULL_CONVERSION = YES;
				CLANG_WARN_OBJC_IMPLICIT_RETAIN_SELF = YES;
				CLANG_WARN_OBJC_LITERAL_CONVERSION = YES;
				CLANG_WARN_OBJC_ROOT_CLASS = YES_ERROR;
				CLANG_WARN_QUOTED_INCLUDE_IN_FRAMEWORK_HEADER = YES;
				CLANG_WARN_RANGE_LOOP_ANALYSIS = YES;
				CLANG_WARN_STRICT_PROTOTYPES = YES;
				CLANG_WARN_SUSPICIOUS_MOVE = YES;
				CLANG_WARN_UNGUARDED_AVAILABILITY = YES_AGGRESSIVE;
				CLANG_WARN_UNREACHABLE_CODE = YES;
				CLANG_WARN__DUPLICATE_METHOD_MATCH = YES;
				COPY_PHASE_STRIP = NO;
				DEBUG_INFORMATION_FORMAT = "dwarf-with-dsym";
				ENABLE_NS_ASSERTIONS = NO;
				ENABLE_STRICT_OBJC_MSGSEND = YES;
				GCC_C_LANGUAGE_STANDARD = gnu11;
				GCC_NO_COMMON_BLOCKS = YES;
				GCC_WARN_64_TO_32_BIT_CONVERSION = YES;
				GCC_WARN_ABOUT_RETURN_TYPE = YES_ERROR;
				GCC_WARN_UNDECLARED_SELECTOR = YES;
				GCC_WARN_UNINITIALIZED_AUTOS = YES_AGGRESSIVE;
				GCC_WARN_UNUSED_FUNCTION = YES;
				GCC_WARN_UNUSED_VARIABLE = YES;
				IPHONEOS_DEPLOYMENT_TARGET = 14.5;
				MTL_ENABLE_DEBUG_INFO = NO;
				MTL_FAST_MATH = YES;
				SDKROOT = iphoneos;
				SWIFT_COMPILATION_MODE = wholemodule;
				SWIFT_OPTIMIZATION_LEVEL = "-O";
				VALIDATE_PRODUCT = YES;
			};
			name = Release;
		};
		14D626D327EB0B2D0048C186 /* Debug */ = {
			isa = XCBuildConfiguration;
			buildSettings = {
				ASSETCATALOG_COMPILER_APPICON_NAME = AppIcon;
				ASSETCATALOG_COMPILER_GLOBAL_ACCENT_COLOR_NAME = AccentColor;
				CODE_SIGN_STYLE = Automatic;
				INFOPLIST_FILE = TestUverApp/Info.plist;
				LD_RUNPATH_SEARCH_PATHS = (
					"$(inherited)",
					"@executable_path/Frameworks",
				);
				PRODUCT_BUNDLE_IDENTIFIER = Test.App.TestUverApp;
				PRODUCT_NAME = "$(TARGET_NAME)";
				SWIFT_VERSION = 5.0;
				TARGETED_DEVICE_FAMILY = "1,2";
			};
			name = Debug;
		};
		14D626D427EB0B2D0048C186 /* Release */ = {
			isa = XCBuildConfiguration;
			buildSettings = {
				ASSETCATALOG_COMPILER_APPICON_NAME = AppIcon;
				ASSETCATALOG_COMPILER_GLOBAL_ACCENT_COLOR_NAME = AccentColor;
				CODE_SIGN_STYLE = Automatic;
				INFOPLIST_FILE = TestUverApp/Info.plist;
				LD_RUNPATH_SEARCH_PATHS = (
					"$(inherited)",
					"@executable_path/Frameworks",
				);
				PRODUCT_BUNDLE_IDENTIFIER = Test.App.TestUverApp;
				PRODUCT_NAME = "$(TARGET_NAME)";
				SWIFT_VERSION = 5.0;
				TARGETED_DEVICE_FAMILY = "1,2";
			};
			name = Release;
		};
/* End XCBuildConfiguration section */

/* Begin XCConfigurationList section */
		14D626B927EB0B2A0048C186 /* Build configuration list for PBXProject "TestUverApp" */ = {
			isa = XCConfigurationList;
			buildConfigurations = (
				14D626D027EB0B2D0048C186 /* Debug */,
				14D626D127EB0B2D0048C186 /* Release */,
			);
			defaultConfigurationIsVisible = 0;
			defaultConfigurationName = Release;
		};
		14D626D227EB0B2D0048C186 /* Build configuration list for PBXNativeTarget "TestUverApp" */ = {
			isa = XCConfigurationList;
			buildConfigurations = (
				14D626D327EB0B2D0048C186 /* Debug */,
				14D626D427EB0B2D0048C186 /* Release */,
			);
			defaultConfigurationIsVisible = 0;
			defaultConfigurationName = Release;
		};
/* End XCConfigurationList section */
	};
	rootObject = 14D626B627EB0B2A0048C186 /* Project object */;
}
